
Microsoft Visual Studio Solution File, Format Version 12.00
# Visual Studio 15
VisualStudioVersion = 15.0.28010.2046
MinimumVisualStudioVersion = 10.0.40219.1
Project("{8BC9CEB8-8B4A-11D0-8D11-00A0C91BC942}") = "MT_RRT", "MT_RRT\MT_RRT.vcxproj", "{22013FB0-EEFE-498F-B4FA-8A6E76F03E25}"
EndProject
Project("{8BC9CEB8-8B4A-11D0-8D11-00A0C91BC942}") = "Problem_01", "Problem_01\Problem_01.vcxproj", "{21CFF162-8BCF-4358-A301-0B04EBF64FB0}"
EndProject
Project("{8BC9CEB8-8B4A-11D0-8D11-00A0C91BC942}") = "Problem_02", "Problem_02\Problem_02.vcxproj", "{89D991EA-8C1D-432F-BEA7-1AE8A1177DFF}"
EndProject
Project("{8BC9CEB8-8B4A-11D0-8D11-00A0C91BC942}") = "Problem_03", "Problem_03\Problem_03.vcxproj", "{0BBC0F19-B4C3-4E35-922D-149BB5C27BEA}"
EndProject
Project("{8BC9CEB8-8B4A-11D0-8D11-00A0C91BC942}") = "Problem_04", "Problem_04\Problem_04.vcxproj", "{5C8F97CA-5B28-4DA7-85C0-0B748FBCBE08}"
EndProject
Global
	GlobalSection(SolutionConfigurationPlatforms) = preSolution
		Debug|x64 = Debug|x64
		Debug|x86 = Debug|x86
		Release|x64 = Release|x64
		Release|x86 = Release|x86
	EndGlobalSection
	GlobalSection(ProjectConfigurationPlatforms) = postSolution
		{22013FB0-EEFE-498F-B4FA-8A6E76F03E25}.Debug|x64.ActiveCfg = Debug|x64
		{22013FB0-EEFE-498F-B4FA-8A6E76F03E25}.Debug|x64.Build.0 = Debug|x64
		{22013FB0-EEFE-498F-B4FA-8A6E76F03E25}.Debug|x86.ActiveCfg = Debug|Win32
		{22013FB0-EEFE-498F-B4FA-8A6E76F03E25}.Debug|x86.Build.0 = Debug|Win32
		{22013FB0-EEFE-498F-B4FA-8A6E76F03E25}.Release|x64.ActiveCfg = Release|x64
		{22013FB0-EEFE-498F-B4FA-8A6E76F03E25}.Release|x64.Build.0 = Release|x64
		{22013FB0-EEFE-498F-B4FA-8A6E76F03E25}.Release|x86.ActiveCfg = Release|Win32
		{22013FB0-EEFE-498F-B4FA-8A6E76F03E25}.Release|x86.Build.0 = Release|Win32
		{21CFF162-8BCF-4358-A301-0B04EBF64FB0}.Debug|x64.ActiveCfg = Debug|x64
		{21CFF162-8BCF-4358-A301-0B04EBF64FB0}.Debug|x64.Build.0 = Debug|x64
		{21CFF162-8BCF-4358-A301-0B04EBF64FB0}.Debug|x86.ActiveCfg = Debug|Win32
		{21CFF162-8BCF-4358-A301-0B04EBF64FB0}.Debug|x86.Build.0 = Debug|Win32
		{21CFF162-8BCF-4358-A301-0B04EBF64FB0}.Release|x64.ActiveCfg = Release|x64
		{21CFF162-8BCF-4358-A301-0B04EBF64FB0}.Release|x64.Build.0 = Release|x64
		{21CFF162-8BCF-4358-A301-0B04EBF64FB0}.Release|x86.ActiveCfg = Release|Win32
		{21CFF162-8BCF-4358-A301-0B04EBF64FB0}.Release|x86.Build.0 = Release|Win32
		{89D991EA-8C1D-432F-BEA7-1AE8A1177DFF}.Debug|x64.ActiveCfg = Debug|x64
		{89D991EA-8C1D-432F-BEA7-1AE8A1177DFF}.Debug|x64.Build.0 = Debug|x64
		{89D991EA-8C1D-432F-BEA7-1AE8A1177DFF}.Debug|x86.ActiveCfg = Debug|Win32
		{89D991EA-8C1D-432F-BEA7-1AE8A1177DFF}.Debug|x86.Build.0 = Debug|Win32
		{89D991EA-8C1D-432F-BEA7-1AE8A1177DFF}.Release|x64.ActiveCfg = Release|x64
		{89D991EA-8C1D-432F-BEA7-1AE8A1177DFF}.Release|x64.Build.0 = Release|x64
		{89D991EA-8C1D-432F-BEA7-1AE8A1177DFF}.Release|x86.ActiveCfg = Release|Win32
		{89D991EA-8C1D-432F-BEA7-1AE8A1177DFF}.Release|x86.Build.0 = Release|Win32
		{0BBC0F19-B4C3-4E35-922D-149BB5C27BEA}.Debug|x64.ActiveCfg = Debug|x64
		{0BBC0F19-B4C3-4E35-922D-149BB5C27BEA}.Debug|x64.Build.0 = Debug|x64
		{0BBC0F19-B4C3-4E35-922D-149BB5C27BEA}.Debug|x86.ActiveCfg = Debug|Win32
		{0BBC0F19-B4C3-4E35-922D-149BB5C27BEA}.Debug|x86.Build.0 = Debug|Win32
		{0BBC0F19-B4C3-4E35-922D-149BB5C27BEA}.Release|x64.ActiveCfg = Release|x64
		{0BBC0F19-B4C3-4E35-922D-149BB5C27BEA}.Release|x64.Build.0 = Release|x64
		{0BBC0F19-B4C3-4E35-922D-149BB5C27BEA}.Release|x86.ActiveCfg = Release|Win32
		{0BBC0F19-B4C3-4E35-922D-149BB5C27BEA}.Release|x86.Build.0 = Release|Win32
		{5C8F97CA-5B28-4DA7-85C0-0B748FBCBE08}.Debug|x64.ActiveCfg = Debug|x64
		{5C8F97CA-5B28-4DA7-85C0-0B748FBCBE08}.Debug|x64.Build.0 = Debug|x64
		{5C8F97CA-5B28-4DA7-85C0-0B748FBCBE08}.Debug|x86.ActiveCfg = Debug|Win32
		{5C8F97CA-5B28-4DA7-85C0-0B748FBCBE08}.Debug|x86.Build.0 = Debug|Win32
		{5C8F97CA-5B28-4DA7-85C0-0B748FBCBE08}.Release|x64.ActiveCfg = Release|x64
		{5C8F97CA-5B28-4DA7-85C0-0B748FBCBE08}.Release|x64.Build.0 = Release|x64
		{5C8F97CA-5B28-4DA7-85C0-0B748FBCBE08}.Release|x86.ActiveCfg = Release|Win32
		{5C8F97CA-5B28-4DA7-85C0-0B748FBCBE08}.Release|x86.Build.0 = Release|Win32
	EndGlobalSection
	GlobalSection(SolutionProperties) = preSolution
		HideSolutionNode = FALSE
	EndGlobalSection
	GlobalSection(ExtensibilityGlobals) = postSolution
		SolutionGuid = {89392864-0CD6-4F37-B415-BB6BA3F45A66}
	EndGlobalSection
EndGlobal
