
Microsoft Visual Studio Solution File, Format Version 12.00
# Visual Studio Version 16
VisualStudioVersion = 16.0.29709.97
MinimumVisualStudioVersion = 10.0.40219.1
Project("{2150E333-8FDC-42A3-9474-1A3956D46DE8}") = "Samples", "Samples", "{F6D1460C-D55B-48C0-B89E-5F89A9A18942}"
EndProject
Project("{2150E333-8FDC-42A3-9474-1A3956D46DE8}") = "MT_RRT", "MT_RRT", "{8606B98F-B360-4119-B4B2-40E09A1C3EBA}"
EndProject
Project("{8BC9CEB8-8B4A-11D0-8D11-00A0C91BC942}") = "MT_RRT", "MT_RRT\MT_RRT.vcxproj", "{EB499CDE-9F92-46CC-B3C6-470B3657DB91}"
EndProject
Project("{2150E333-8FDC-42A3-9474-1A3956D46DE8}") = "Points", "Points", "{A613558D-D044-40A4-B7FD-B418B87DBC5B}"
EndProject
Project("{8BC9CEB8-8B4A-11D0-8D11-00A0C91BC942}") = "Points", "Samples\01_Points\Points.vcxproj", "{C696AA2E-5F56-4EDC-A2AE-EAAA843A638C}"
EndProject
Project("{2150E333-8FDC-42A3-9474-1A3956D46DE8}") = "Planar_robots", "Planar_robots", "{2080ADEC-4F6D-4EF1-A348-3FCEF35D105F}"
EndProject
Project("{8BC9CEB8-8B4A-11D0-8D11-00A0C91BC942}") = "Single_arm", "Samples\02_Planar_Robots\01_Single_arm\Single_arm.vcxproj", "{20ED0855-D82C-4377-BE5C-AACA96499312}"
EndProject
Project("{8BC9CEB8-8B4A-11D0-8D11-00A0C91BC942}") = "Multiple_arms", "Samples\02_Planar_Robots\02_Multiple_arms\Multiple_arms.vcxproj", "{B16D42F2-87CF-4B88-AEBF-FB0D2A784F6F}"
EndProject
Project("{8BC9CEB8-8B4A-11D0-8D11-00A0C91BC942}") = "GUI", "Samples\02_Planar_Robots\00_GUI\back_Cpp\GUI.vcxproj", "{4F72868C-14E6-4203-9D6F-6735C322A1F3}"
EndProject
Project("{2150E333-8FDC-42A3-9474-1A3956D46DE8}") = "Navigation", "Navigation", "{672A84C7-2043-4E05-A165-20DAD7DAD860}"
EndProject
Project("{8BC9CEB8-8B4A-11D0-8D11-00A0C91BC942}") = "Navigation", "Samples\03_Navigation\01_Navigation\Navigation.vcxproj", "{57B1B4E6-4525-4340-83A5-8FE62E9AC040}"
EndProject
Project("{8BC9CEB8-8B4A-11D0-8D11-00A0C91BC942}") = "Navigation_cluttered", "Samples\03_Navigation\02_Navigation_cluttered\Navigation_cluttered.vcxproj", "{E2B5F88A-7364-427A-BE8D-C02B41A4D65F}"
EndProject
Project("{8BC9CEB8-8B4A-11D0-8D11-00A0C91BC942}") = "GUI", "Samples\03_Navigation\00_GUI\back_Cpp\GUI.vcxproj", "{FC01EE96-E1A9-4BB5-9DDF-D49CFFB21324}"
EndProject
Global
	GlobalSection(SolutionConfigurationPlatforms) = preSolution
		Debug|x64 = Debug|x64
		Debug|x86 = Debug|x86
		Release|x64 = Release|x64
		Release|x86 = Release|x86
	EndGlobalSection
	GlobalSection(ProjectConfigurationPlatforms) = postSolution
		{EB499CDE-9F92-46CC-B3C6-470B3657DB91}.Debug|x64.ActiveCfg = Debug|x64
		{EB499CDE-9F92-46CC-B3C6-470B3657DB91}.Debug|x64.Build.0 = Debug|x64
		{EB499CDE-9F92-46CC-B3C6-470B3657DB91}.Debug|x86.ActiveCfg = Debug|Win32
		{EB499CDE-9F92-46CC-B3C6-470B3657DB91}.Debug|x86.Build.0 = Debug|Win32
		{EB499CDE-9F92-46CC-B3C6-470B3657DB91}.Release|x64.ActiveCfg = Release|x64
		{EB499CDE-9F92-46CC-B3C6-470B3657DB91}.Release|x64.Build.0 = Release|x64
		{EB499CDE-9F92-46CC-B3C6-470B3657DB91}.Release|x86.ActiveCfg = Release|Win32
		{EB499CDE-9F92-46CC-B3C6-470B3657DB91}.Release|x86.Build.0 = Release|Win32
		{C696AA2E-5F56-4EDC-A2AE-EAAA843A638C}.Debug|x64.ActiveCfg = Debug|x64
		{C696AA2E-5F56-4EDC-A2AE-EAAA843A638C}.Debug|x64.Build.0 = Debug|x64
		{C696AA2E-5F56-4EDC-A2AE-EAAA843A638C}.Debug|x86.ActiveCfg = Debug|Win32
		{C696AA2E-5F56-4EDC-A2AE-EAAA843A638C}.Debug|x86.Build.0 = Debug|Win32
		{C696AA2E-5F56-4EDC-A2AE-EAAA843A638C}.Release|x64.ActiveCfg = Release|x64
		{C696AA2E-5F56-4EDC-A2AE-EAAA843A638C}.Release|x64.Build.0 = Release|x64
		{C696AA2E-5F56-4EDC-A2AE-EAAA843A638C}.Release|x86.ActiveCfg = Release|Win32
		{C696AA2E-5F56-4EDC-A2AE-EAAA843A638C}.Release|x86.Build.0 = Release|Win32
		{20ED0855-D82C-4377-BE5C-AACA96499312}.Debug|x64.ActiveCfg = Debug|x64
		{20ED0855-D82C-4377-BE5C-AACA96499312}.Debug|x64.Build.0 = Debug|x64
		{20ED0855-D82C-4377-BE5C-AACA96499312}.Debug|x86.ActiveCfg = Debug|Win32
		{20ED0855-D82C-4377-BE5C-AACA96499312}.Debug|x86.Build.0 = Debug|Win32
		{20ED0855-D82C-4377-BE5C-AACA96499312}.Release|x64.ActiveCfg = Release|x64
		{20ED0855-D82C-4377-BE5C-AACA96499312}.Release|x64.Build.0 = Release|x64
		{20ED0855-D82C-4377-BE5C-AACA96499312}.Release|x86.ActiveCfg = Release|Win32
		{20ED0855-D82C-4377-BE5C-AACA96499312}.Release|x86.Build.0 = Release|Win32
		{B16D42F2-87CF-4B88-AEBF-FB0D2A784F6F}.Debug|x64.ActiveCfg = Debug|x64
		{B16D42F2-87CF-4B88-AEBF-FB0D2A784F6F}.Debug|x64.Build.0 = Debug|x64
		{B16D42F2-87CF-4B88-AEBF-FB0D2A784F6F}.Debug|x86.ActiveCfg = Debug|Win32
		{B16D42F2-87CF-4B88-AEBF-FB0D2A784F6F}.Debug|x86.Build.0 = Debug|Win32
		{B16D42F2-87CF-4B88-AEBF-FB0D2A784F6F}.Release|x64.ActiveCfg = Release|x64
		{B16D42F2-87CF-4B88-AEBF-FB0D2A784F6F}.Release|x64.Build.0 = Release|x64
		{B16D42F2-87CF-4B88-AEBF-FB0D2A784F6F}.Release|x86.ActiveCfg = Release|Win32
		{B16D42F2-87CF-4B88-AEBF-FB0D2A784F6F}.Release|x86.Build.0 = Release|Win32
		{4F72868C-14E6-4203-9D6F-6735C322A1F3}.Debug|x64.ActiveCfg = Debug|x64
		{4F72868C-14E6-4203-9D6F-6735C322A1F3}.Debug|x64.Build.0 = Debug|x64
		{4F72868C-14E6-4203-9D6F-6735C322A1F3}.Debug|x86.ActiveCfg = Debug|Win32
		{4F72868C-14E6-4203-9D6F-6735C322A1F3}.Debug|x86.Build.0 = Debug|Win32
		{4F72868C-14E6-4203-9D6F-6735C322A1F3}.Release|x64.ActiveCfg = Release|x64
		{4F72868C-14E6-4203-9D6F-6735C322A1F3}.Release|x64.Build.0 = Release|x64
		{4F72868C-14E6-4203-9D6F-6735C322A1F3}.Release|x86.ActiveCfg = Release|Win32
		{4F72868C-14E6-4203-9D6F-6735C322A1F3}.Release|x86.Build.0 = Release|Win32
		{57B1B4E6-4525-4340-83A5-8FE62E9AC040}.Debug|x64.ActiveCfg = Debug|x64
		{57B1B4E6-4525-4340-83A5-8FE62E9AC040}.Debug|x64.Build.0 = Debug|x64
		{57B1B4E6-4525-4340-83A5-8FE62E9AC040}.Debug|x86.ActiveCfg = Debug|Win32
		{57B1B4E6-4525-4340-83A5-8FE62E9AC040}.Debug|x86.Build.0 = Debug|Win32
		{57B1B4E6-4525-4340-83A5-8FE62E9AC040}.Release|x64.ActiveCfg = Release|x64
		{57B1B4E6-4525-4340-83A5-8FE62E9AC040}.Release|x64.Build.0 = Release|x64
		{57B1B4E6-4525-4340-83A5-8FE62E9AC040}.Release|x86.ActiveCfg = Release|Win32
		{57B1B4E6-4525-4340-83A5-8FE62E9AC040}.Release|x86.Build.0 = Release|Win32
		{E2B5F88A-7364-427A-BE8D-C02B41A4D65F}.Debug|x64.ActiveCfg = Debug|x64
		{E2B5F88A-7364-427A-BE8D-C02B41A4D65F}.Debug|x64.Build.0 = Debug|x64
		{E2B5F88A-7364-427A-BE8D-C02B41A4D65F}.Debug|x86.ActiveCfg = Debug|Win32
		{E2B5F88A-7364-427A-BE8D-C02B41A4D65F}.Debug|x86.Build.0 = Debug|Win32
		{E2B5F88A-7364-427A-BE8D-C02B41A4D65F}.Release|x64.ActiveCfg = Release|x64
		{E2B5F88A-7364-427A-BE8D-C02B41A4D65F}.Release|x64.Build.0 = Release|x64
		{E2B5F88A-7364-427A-BE8D-C02B41A4D65F}.Release|x86.ActiveCfg = Release|Win32
		{E2B5F88A-7364-427A-BE8D-C02B41A4D65F}.Release|x86.Build.0 = Release|Win32
		{FC01EE96-E1A9-4BB5-9DDF-D49CFFB21324}.Debug|x64.ActiveCfg = Debug|x64
		{FC01EE96-E1A9-4BB5-9DDF-D49CFFB21324}.Debug|x64.Build.0 = Debug|x64
		{FC01EE96-E1A9-4BB5-9DDF-D49CFFB21324}.Debug|x86.ActiveCfg = Debug|Win32
		{FC01EE96-E1A9-4BB5-9DDF-D49CFFB21324}.Debug|x86.Build.0 = Debug|Win32
		{FC01EE96-E1A9-4BB5-9DDF-D49CFFB21324}.Release|x64.ActiveCfg = Release|x64
		{FC01EE96-E1A9-4BB5-9DDF-D49CFFB21324}.Release|x64.Build.0 = Release|x64
		{FC01EE96-E1A9-4BB5-9DDF-D49CFFB21324}.Release|x86.ActiveCfg = Release|Win32
		{FC01EE96-E1A9-4BB5-9DDF-D49CFFB21324}.Release|x86.Build.0 = Release|Win32
	EndGlobalSection
	GlobalSection(SolutionProperties) = preSolution
		HideSolutionNode = FALSE
	EndGlobalSection
	GlobalSection(NestedProjects) = preSolution
		{EB499CDE-9F92-46CC-B3C6-470B3657DB91} = {8606B98F-B360-4119-B4B2-40E09A1C3EBA}
		{A613558D-D044-40A4-B7FD-B418B87DBC5B} = {F6D1460C-D55B-48C0-B89E-5F89A9A18942}
		{C696AA2E-5F56-4EDC-A2AE-EAAA843A638C} = {A613558D-D044-40A4-B7FD-B418B87DBC5B}
		{2080ADEC-4F6D-4EF1-A348-3FCEF35D105F} = {F6D1460C-D55B-48C0-B89E-5F89A9A18942}
		{20ED0855-D82C-4377-BE5C-AACA96499312} = {2080ADEC-4F6D-4EF1-A348-3FCEF35D105F}
		{B16D42F2-87CF-4B88-AEBF-FB0D2A784F6F} = {2080ADEC-4F6D-4EF1-A348-3FCEF35D105F}
		{4F72868C-14E6-4203-9D6F-6735C322A1F3} = {2080ADEC-4F6D-4EF1-A348-3FCEF35D105F}
		{672A84C7-2043-4E05-A165-20DAD7DAD860} = {F6D1460C-D55B-48C0-B89E-5F89A9A18942}
		{57B1B4E6-4525-4340-83A5-8FE62E9AC040} = {672A84C7-2043-4E05-A165-20DAD7DAD860}
		{E2B5F88A-7364-427A-BE8D-C02B41A4D65F} = {672A84C7-2043-4E05-A165-20DAD7DAD860}
		{FC01EE96-E1A9-4BB5-9DDF-D49CFFB21324} = {672A84C7-2043-4E05-A165-20DAD7DAD860}
	EndGlobalSection
	GlobalSection(ExtensibilityGlobals) = postSolution
		SolutionGuid = {055A061E-EEF8-4789-8583-55BF120ABF68}
	EndGlobalSection
EndGlobal
